NeoBundleLock ale 06efbdd25a3a8cccf17692f7bd4eac71ae7d6e05
NeoBundleLock auto-pairs 39f06b873a8449af8ff6a3eee716d3da14d63a76
NeoBundleLock coc.nvim fafaab7bc9c9bb7072ca1ddd092f3da3fa6621b5
NeoBundleLock fzf 0de1aacb0cea3a559e07b84e922eb2aea61b8c96
NeoBundleLock neobundle.vim 1306c131ff0a6cc094b7ff0727350e442b5427f1
NeoBundleLock neosnippet-snippets 725c989f18e9c134cddd63a7c6b15bed5c244657
NeoBundleLock neosnippet.vim af18dc963b706568bf28f7dd2facea2ca2784299
NeoBundleLock nerdcommenter fd2114b46d648f2f97831cf404f14863428001b8
NeoBundleLock nerdtree fc85a6f07c2cd694be93496ffad75be126240068
NeoBundleLock vim-airline 0ed7b8bb2ed68d65a5ba55317896680b31d315b0
NeoBundleLock vim-colorschemes fd8f122cef604330c96a6a6e434682dbdfb878c9
NeoBundleLock vim-fugitive dd8107cabf5fe85df94d5eedcae52415e543f208
NeoBundleLock vim-gitgutter 400a12081f188f3fb639f8f962456764f39c6ff1
NeoBundleLock vim-startify 81e36c352a8deea54df5ec1e2f4348685569bed2
